
Microsoft Visual Studio Solution File, Format Version 11.00
# Visual Studio 2010
Project("{FAE04EC0-301F-11D3-BF4B-00C04F79EFBC}") = "TileTest", "TileTest\TileTest\TileTest.csproj", "{3A4B3019-0440-4E90-8619-DC6E32378301}"
EndProject
Project("{96E2B04D-8817-42C6-938A-82C39BA4D311}") = "TileTestContent", "TileTest\TileTestContent\TileTestContent.contentproj", "{B7797F50-58A5-435C-A8C4-3224747C7F45}"
EndProject
Global
	GlobalSection(SolutionConfigurationPlatforms) = preSolution
		Debug|x86 = Debug|x86
		Release|x86 = Release|x86
	EndGlobalSection
	GlobalSection(ProjectConfigurationPlatforms) = postSolution
		{3A4B3019-0440-4E90-8619-DC6E32378301}.Debug|x86.ActiveCfg = Debug|x86
		{3A4B3019-0440-4E90-8619-DC6E32378301}.Debug|x86.Build.0 = Debug|x86
		{3A4B3019-0440-4E90-8619-DC6E32378301}.Release|x86.ActiveCfg = Release|x86
		{3A4B3019-0440-4E90-8619-DC6E32378301}.Release|x86.Build.0 = Release|x86
		{B7797F50-58A5-435C-A8C4-3224747C7F45}.Debug|x86.ActiveCfg = Debug|x86
		{B7797F50-58A5-435C-A8C4-3224747C7F45}.Release|x86.ActiveCfg = Release|x86
	EndGlobalSection
	GlobalSection(SolutionProperties) = preSolution
		HideSolutionNode = FALSE
	EndGlobalSection
EndGlobal
